// !$*UTF8*$!
{
	archiveVersion = 1;
	classes = {
	};
	objectVersion = 56;
	objects = {

/* Begin PBXBuildFile section */
		D80AC04C2B19A2AE001B66D9 /* FruitModel.swift in Sources */ = {isa = PBXBuildFile; fileRef = D80AC04B2B19A2AE001B66D9 /* FruitModel.swift */; };
		D80AC04F2B19A424001B66D9 /* FruitData.swift in Sources */ = {isa = PBXBuildFile; fileRef = D80AC04E2B19A424001B66D9 /* FruitData.swift */; };
		D82751F22B17056300B7AD6B /* FruitCardView.swift in Sources */ = {isa = PBXBuildFile; fileRef = D82751F12B17056300B7AD6B /* FruitCardView.swift */; };
		D82751F42B170E9700B7AD6B /* StartButtonView.swift in Sources */ = {isa = PBXBuildFile; fileRef = D82751F32B170E9700B7AD6B /* StartButtonView.swift */; };
		D82751F72B1712F200B7AD6B /* OnboardingView.swift in Sources */ = {isa = PBXBuildFile; fileRef = D82751F62B1712F200B7AD6B /* OnboardingView.swift */; };
		D8595B442B19BE61002CD1D2 /* Assets.xcassets in Resources */ = {isa = PBXBuildFile; fileRef = D8595B432B19BE61002CD1D2 /* Assets.xcassets */; };
		D865E2772B125DB600D674EE /* FruitFactsApp.swift in Sources */ = {isa = PBXBuildFile; fileRef = D865E2762B125DB600D674EE /* FruitFactsApp.swift */; };
		D865E2792B125DB600D674EE /* ContentView.swift in Sources */ = {isa = PBXBuildFile; fileRef = D865E2782B125DB600D674EE /* ContentView.swift */; };
		D865E27E2B125DB800D674EE /* Preview Assets.xcassets in Resources */ = {isa = PBXBuildFile; fileRef = D865E27D2B125DB800D674EE /* Preview Assets.xcassets */; };
/* End PBXBuildFile section */

/* Begin PBXFileReference section */
		D80AC04B2B19A2AE001B66D9 /* FruitModel.swift */ = {isa = PBXFileReference; lastKnownFileType = sourcecode.swift; path = FruitModel.swift; sourceTree = "<group>"; };
		D80AC04E2B19A424001B66D9 /* FruitData.swift */ = {isa = PBXFileReference; lastKnownFileType = sourcecode.swift; path = FruitData.swift; sourceTree = "<group>"; };
		D82751F12B17056300B7AD6B /* FruitCardView.swift */ = {isa = PBXFileReference; lastKnownFileType = sourcecode.swift; path = FruitCardView.swift; sourceTree = "<group>"; };
		D82751F32B170E9700B7AD6B /* StartButtonView.swift */ = {isa = PBXFileReference; lastKnownFileType = sourcecode.swift; path = StartButtonView.swift; sourceTree = "<group>"; };
		D82751F62B1712F200B7AD6B /* OnboardingView.swift */ = {isa = PBXFileReference; lastKnownFileType = sourcecode.swift; path = OnboardingView.swift; sourceTree = "<group>"; };
		D8595B432B19BE61002CD1D2 /* Assets.xcassets */ = {isa = PBXFileReference; lastKnownFileType = folder.assetcatalog; name = Assets.xcassets; path = ../../../../.Trash/Assets.xcassets; sourceTree = "<group>"; };
		D8595B452B19BE6D002CD1D2 /* Assets.xcassets */ = {isa = PBXFileReference; lastKnownFileType = folder.assetcatalog; path = Assets.xcassets; sourceTree = "<group>"; };
		D865E2732B125DB600D674EE /* FruitFacts.app */ = {isa = PBXFileReference; explicitFileType = wrapper.application; includeInIndex = 0; path = FruitFacts.app; sourceTree = BUILT_PRODUCTS_DIR; };
		D865E2762B125DB600D674EE /* FruitFactsApp.swift */ = {isa = PBXFileReference; lastKnownFileType = sourcecode.swift; path = FruitFactsApp.swift; sourceTree = "<group>"; };
		D865E2782B125DB600D674EE /* ContentView.swift */ = {isa = PBXFileReference; lastKnownFileType = sourcecode.swift; path = ContentView.swift; sourceTree = "<group>"; };
		D865E27D2B125DB800D674EE /* Preview Assets.xcassets */ = {isa = PBXFileReference; lastKnownFileType = folder.assetcatalog; path = "Preview Assets.xcassets"; sourceTree = "<group>"; };
/* End PBXFileReference section */

/* Begin PBXFrameworksBuildPhase section */
		D865E2702B125DB600D674EE /* Frameworks */ = {
			isa = PBXFrameworksBuildPhase;
			buildActionMask = 2147483647;
			files = (
			);
			runOnlyForDeploymentPostprocessing = 0;
		};
/* End PBXFrameworksBuildPhase section */

/* Begin PBXGroup section */
		D80AC04A2B19A2A0001B66D9 /* Models */ = {
			isa = PBXGroup;
			children = (
				D80AC04B2B19A2AE001B66D9 /* FruitModel.swift */,
			);
			path = Models;
			sourceTree = "<group>";
		};
		D80AC04D2B19A40E001B66D9 /* Data */ = {
			isa = PBXGroup;
			children = (
				D80AC04E2B19A424001B66D9 /* FruitData.swift */,
			);
			path = Data;
			sourceTree = "<group>";
		};
		D82751F02B17044400B7AD6B /* View */ = {
			isa = PBXGroup;
			children = (
				D82751F12B17056300B7AD6B /* FruitCardView.swift */,
				D82751F32B170E9700B7AD6B /* StartButtonView.swift */,
			);
			path = View;
			sourceTree = "<group>";
		};
		D82751F52B1712D000B7AD6B /* App */ = {
			isa = PBXGroup;
			children = (
				D865E2762B125DB600D674EE /* FruitFactsApp.swift */,
				D865E2782B125DB600D674EE /* ContentView.swift */,
				D82751F62B1712F200B7AD6B /* OnboardingView.swift */,
				D8595B432B19BE61002CD1D2 /* Assets.xcassets */,
			);
			path = App;
			sourceTree = "<group>";
		};
		D865E26A2B125DB600D674EE = {
			isa = PBXGroup;
			children = (
				D865E2752B125DB600D674EE /* FruitFacts */,
				D865E2742B125DB600D674EE /* Products */,
			);
			sourceTree = "<group>";
		};
		D865E2742B125DB600D674EE /* Products */ = {
			isa = PBXGroup;
			children = (
				D865E2732B125DB600D674EE /* FruitFacts.app */,
			);
			name = Products;
			sourceTree = "<group>";
		};
		D865E2752B125DB600D674EE /* FruitFacts */ = {
			isa = PBXGroup;
			children = (
				D80AC04D2B19A40E001B66D9 /* Data */,
				D80AC04A2B19A2A0001B66D9 /* Models */,
				D82751F02B17044400B7AD6B /* View */,
				D82751F52B1712D000B7AD6B /* App */,
				D865E27C2B125DB800D674EE /* Preview Content */,
			);
			path = FruitFacts;
			sourceTree = "<group>";
		};
		D865E27C2B125DB800D674EE /* Preview Content */ = {
			isa = PBXGroup;
			children = (
				D8595B452B19BE6D002CD1D2 /* Assets.xcassets */,
				D865E27D2B125DB800D674EE /* Preview Assets.xcassets */,
			);
			path = "Preview Content";
			sourceTree = "<group>";
		};
/* End PBXGroup section */

/* Begin PBXNativeTarget section */
		D865E2722B125DB600D674EE /* FruitFacts */ = {
			isa = PBXNativeTarget;
			buildConfigurationList = D865E2812B125DB800D674EE /* Build configuration list for PBXNativeTarget "FruitFacts" */;
			buildPhases = (
				D865E26F2B125DB600D674EE /* Sources */,
				D865E2702B125DB600D674EE /* Frameworks */,
				D865E2712B125DB600D674EE /* Resources */,
			);
			buildRules = (
			);
			dependencies = (
			);
			name = FruitFacts;
			productName = FruitFacts;
			productReference = D865E2732B125DB600D674EE /* FruitFacts.app */;
			productType = "com.apple.product-type.application";
		};
/* End PBXNativeTarget section */

/* Begin PBXProject section */
		D865E26B2B125DB600D674EE /* Project object */ = {
			isa = PBXProject;
			attributes = {
				BuildIndependentTargetsInParallel = 1;
				LastSwiftUpdateCheck = 1500;
				LastUpgradeCheck = 1500;
				TargetAttributes = {
					D865E2722B125DB600D674EE = {
						CreatedOnToolsVersion = 15.0.1;
					};
				};
			};
			buildConfigurationList = D865E26E2B125DB600D674EE /* Build configuration list for PBXProject "FruitFacts" */;
			compatibilityVersion = "Xcode 14.0";
			developmentRegion = en;
			hasScannedForEncodings = 0;
			knownRegions = (
				en,
				Base,
			);
			mainGroup = D865E26A2B125DB600D674EE;
			productRefGroup = D865E2742B125DB600D674EE /* Products */;
			projectDirPath = "";
			projectRoot = "";
			targets = (
				D865E2722B125DB600D674EE /* FruitFacts */,
			);
		};
/* End PBXProject section */

/* Begin PBXResourcesBuildPhase section */
		D865E2712B125DB600D674EE /* Resources */ = {
			isa = PBXResourcesBuildPhase;
			buildActionMask = 2147483647;
			files = (
				D8595B442B19BE61002CD1D2 /* Assets.xcassets in Resources */,
				D865E27E2B125DB800D674EE /* Preview Assets.xcassets in Resources */,
			);
			runOnlyForDeploymentPostprocessing = 0;
		};
/* End PBXResourcesBuildPhase section */

/* Begin PBXSourcesBuildPhase section */
		D865E26F2B125DB600D674EE /* Sources */ = {
			isa = PBXSourcesBuildPhase;
			buildActionMask = 2147483647;
			files = (
				D80AC04F2B19A424001B66D9 /* FruitData.swift in Sources */,
				D82751F22B17056300B7AD6B /* FruitCardView.swift in Sources */,
				D82751F42B170E9700B7AD6B /* StartButtonView.swift in Sources */,
				D865E2792B125DB600D674EE /* ContentView.swift in Sources */,
				D82751F72B1712F200B7AD6B /* OnboardingView.swift in Sources */,
				D80AC04C2B19A2AE001B66D9 /* FruitModel.swift in Sources */,
				D865E2772B125DB600D674EE /* FruitFactsApp.swift in Sources */,
			);
			runOnlyForDeploymentPostprocessing = 0;
		};
/* End PBXSourcesBuildPhase section */

/* Begin XCBuildConfiguration section */
		D865E27F2B125DB800D674EE /* Debug */ = {
			isa = XCBuildConfiguration;
			buildSettings = {
				ALWAYS_SEARCH_USER_PATHS = NO;
				ASSETCATALOG_COMPILER_GENERATE_SWIFT_ASSET_SYMBOL_EXTENSIONS = YES;
				CLANG_ANALYZER_NONNULL = YES;
				CLANG_ANALYZER_NUMBER_OBJECT_CONVERSION = YES_AGGRESSIVE;
				CLANG_CXX_LANGUAGE_STANDARD = "gnu++20";
				CLANG_ENABLE_MODULES = YES;
				CLANG_ENABLE_OBJC_ARC = YES;
				CLANG_ENABLE_OBJC_WEAK = YES;
				CLANG_WARN_BLOCK_CAPTURE_AUTORELEASING = YES;
				CLANG_WARN_BOOL_CONVERSION = YES;
				CLANG_WARN_COMMA = YES;
				CLANG_WARN_CONSTANT_CONVERSION = YES;
				CLANG_WARN_DEPRECATED_OBJC_IMPLEMENTATIONS = YES;
				CLANG_WARN_DIRECT_OBJC_ISA_USAGE = YES_ERROR;
				CLANG_WARN_DOCUMENTATION_COMMENTS = YES;
				CLANG_WARN_EMPTY_BODY = YES;
				CLANG_WARN_ENUM_CONVERSION = YES;
				CLANG_WARN_INFINITE_RECURSION = YES;
				CLANG_WARN_INT_CONVERSION = YES;
				CLANG_WARN_NON_LITERAL_NULL_CONVERSION = YES;
				CLANG_WARN_OBJC_IMPLICIT_RETAIN_SELF = YES;
				CLANG_WARN_OBJC_LITERAL_CONVERSION = YES;
				CLANG_WARN_OBJC_ROOT_CLASS = YES_ERROR;
				CLANG_WARN_QUOTED_INCLUDE_IN_FRAMEWORK_HEADER = YES;
				CLANG_WARN_RANGE_LOOP_ANALYSIS = YES;
				CLANG_WARN_STRICT_PROTOTYPES = YES;
				CLANG_WARN_SUSPICIOUS_MOVE = YES;
				CLANG_WARN_UNGUARDED_AVAILABILITY = YES_AGGRESSIVE;
				CLANG_WARN_UNREACHABLE_CODE = YES;
				CLANG_WARN__DUPLICATE_METHOD_MATCH = YES;
				COPY_PHASE_STRIP = NO;
				DEBUG_INFORMATION_FORMAT = dwarf;
				ENABLE_STRICT_OBJC_MSGSEND = YES;
				ENABLE_TESTABILITY = YES;
				ENABLE_USER_SCRIPT_SANDBOXING = YES;
				GCC_C_LANGUAGE_STANDARD = gnu17;
				GCC_DYNAMIC_NO_PIC = NO;
				GCC_NO_COMMON_BLOCKS = YES;
				GCC_OPTIMIZATION_LEVEL = 0;
				GCC_PREPROCESSOR_DEFINITIONS = (
					"DEBUG=1",
					"$(inherited)",
				);
				GCC_WARN_64_TO_32_BIT_CONVERSION = YES;
				GCC_WARN_ABOUT_RETURN_TYPE = YES_ERROR;
				GCC_WARN_UNDECLARED_SELECTOR = YES;
				GCC_WARN_UNINITIALIZED_AUTOS = YES_AGGRESSIVE;
				GCC_WARN_UNUSED_FUNCTION = YES;
				GCC_WARN_UNUSED_VARIABLE = YES;
				IPHONEOS_DEPLOYMENT_TARGET = 17.0;
				LOCALIZATION_PREFERS_STRING_CATALOGS = YES;
				MTL_ENABLE_DEBUG_INFO = INCLUDE_SOURCE;
				MTL_FAST_MATH = YES;
				ONLY_ACTIVE_ARCH = YES;
				SDKROOT = iphoneos;
				SWIFT_ACTIVE_COMPILATION_CONDITIONS = "DEBUG $(inherited)";
				SWIFT_OPTIMIZATION_LEVEL = "-Onone";
			};
			name = Debug;
		};
		D865E2802B125DB800D674EE /* Release */ = {
			isa = XCBuildConfiguration;
			buildSettings = {
				ALWAYS_SEARCH_USER_PATHS = NO;
				ASSETCATALOG_COMPILER_GENERATE_SWIFT_ASSET_SYMBOL_EXTENSIONS = YES;
				CLANG_ANALYZER_NONNULL = YES;
				CLANG_ANALYZER_NUMBER_OBJECT_CONVERSION = YES_AGGRESSIVE;
				CLANG_CXX_LANGUAGE_STANDARD = "gnu++20";
				CLANG_ENABLE_MODULES = YES;
				CLANG_ENABLE_OBJC_ARC = YES;
				CLANG_ENABLE_OBJC_WEAK = YES;
				CLANG_WARN_BLOCK_CAPTURE_AUTORELEASING = YES;
				CLANG_WARN_BOOL_CONVERSION = YES;
				CLANG_WARN_COMMA = YES;
				CLANG_WARN_CONSTANT_CONVERSION = YES;
				CLANG_WARN_DEPRECATED_OBJC_IMPLEMENTATIONS = YES;
				CLANG_WARN_DIRECT_OBJC_ISA_USAGE = YES_ERROR;
				CLANG_WARN_DOCUMENTATION_COMMENTS = YES;
				CLANG_WARN_EMPTY_BODY = YES;
				CLANG_WARN_ENUM_CONVERSION = YES;
				CLANG_WARN_INFINITE_RECURSION = YES;
				CLANG_WARN_INT_CONVERSION = YES;
				CLANG_WARN_NON_LITERAL_NULL_CONVERSION = YES;
				CLANG_WARN_OBJC_IMPLICIT_RETAIN_SELF = YES;
				CLANG_WARN_OBJC_LITERAL_CONVERSION = YES;
				CLANG_WARN_OBJC_ROOT_CLASS = YES_ERROR;
				CLANG_WARN_QUOTED_INCLUDE_IN_FRAMEWORK_HEADER = YES;
				CLANG_WARN_RANGE_LOOP_ANALYSIS = YES;
				CLANG_WARN_STRICT_PROTOTYPES = YES;
				CLANG_WARN_SUSPICIOUS_MOVE = YES;
				CLANG_WARN_UNGUARDED_AVAILABILITY = YES_AGGRESSIVE;
				CLANG_WARN_UNREACHABLE_CODE = YES;
				CLANG_WARN__DUPLICATE_METHOD_MATCH = YES;
				COPY_PHASE_STRIP = NO;
				DEBUG_INFORMATION_FORMAT = "dwarf-with-dsym";
				ENABLE_NS_ASSERTIONS = NO;
				ENABLE_STRICT_OBJC_MSGSEND = YES;
				ENABLE_USER_SCRIPT_SANDBOXING = YES;
				GCC_C_LANGUAGE_STANDARD = gnu17;
				GCC_NO_COMMON_BLOCKS = YES;
				GCC_WARN_64_TO_32_BIT_CONVERSION = YES;
				GCC_WARN_ABOUT_RETURN_TYPE = YES_ERROR;
				GCC_WARN_UNDECLARED_SELECTOR = YES;
				GCC_WARN_UNINITIALIZED_AUTOS = YES_AGGRESSIVE;
				GCC_WARN_UNUSED_FUNCTION = YES;
				GCC_WARN_UNUSED_VARIABLE = YES;
				IPHONEOS_DEPLOYMENT_TARGET = 17.0;
				LOCALIZATION_PREFERS_STRING_CATALOGS = YES;
				MTL_ENABLE_DEBUG_INFO = NO;
				MTL_FAST_MATH = YES;
				SDKROOT = iphoneos;
				SWIFT_COMPILATION_MODE = wholemodule;
				VALIDATE_PRODUCT = YES;
			};
			name = Release;
		};
		D865E2822B125DB800D674EE /* Debug */ = {
			isa = XCBuildConfiguration;
			buildSettings = {
				ASSETCATALOG_COMPILER_APPICON_NAME = AppIcon;
				ASSETCATALOG_COMPILER_GLOBAL_ACCENT_COLOR_NAME = AccentColor;
				CODE_SIGN_STYLE = Automatic;
				CURRENT_PROJECT_VERSION = 1;
				DEVELOPMENT_ASSET_PATHS = "\"FruitFacts/Preview Content\"";
				DEVELOPMENT_TEAM = 443L3444LJ;
				ENABLE_PREVIEWS = YES;
				GENERATE_INFOPLIST_FILE = YES;
				INFOPLIST_KEY_UIApplicationSceneManifest_Generation = YES;
				INFOPLIST_KEY_UIApplicationSupportsIndirectInputEvents = YES;
				INFOPLIST_KEY_UILaunchScreen_Generation = YES;
				INFOPLIST_KEY_UISupportedInterfaceOrientations = UIInterfaceOrientationPortrait;
				LD_RUNPATH_SEARCH_PATHS = (
					"$(inherited)",
					"@executable_path/Frameworks",
				);
				MARKETING_VERSION = 1.0;
				PRODUCT_BUNDLE_IDENTIFIER = Jai.FruitFacts;
				PRODUCT_NAME = "$(TARGET_NAME)";
				SWIFT_EMIT_LOC_STRINGS = YES;
				SWIFT_VERSION = 5.0;
				TARGETED_DEVICE_FAMILY = "1,2";
			};
			name = Debug;
		};
		D865E2832B125DB800D674EE /* Release */ = {
			isa = XCBuildConfiguration;
			buildSettings = {
				ASSETCATALOG_COMPILER_APPICON_NAME = AppIcon;
				ASSETCATALOG_COMPILER_GLOBAL_ACCENT_COLOR_NAME = AccentColor;
				CODE_SIGN_STYLE = Automatic;
				CURRENT_PROJECT_VERSION = 1;
				DEVELOPMENT_ASSET_PATHS = "\"FruitFacts/Preview Content\"";
				DEVELOPMENT_TEAM = 443L3444LJ;
				ENABLE_PREVIEWS = YES;
				GENERATE_INFOPLIST_FILE = YES;
				INFOPLIST_KEY_UIApplicationSceneManifest_Generation = YES;
				INFOPLIST_KEY_UIApplicationSupportsIndirectInputEvents = YES;
				INFOPLIST_KEY_UILaunchScreen_Generation = YES;
				INFOPLIST_KEY_UISupportedInterfaceOrientations = UIInterfaceOrientationPortrait;
				LD_RUNPATH_SEARCH_PATHS = (
					"$(inherited)",
					"@executable_path/Frameworks",
				);
				MARKETING_VERSION = 1.0;
				PRODUCT_BUNDLE_IDENTIFIER = Jai.FruitFacts;
				PRODUCT_NAME = "$(TARGET_NAME)";
				SWIFT_EMIT_LOC_STRINGS = YES;
				SWIFT_VERSION = 5.0;
				TARGETED_DEVICE_FAMILY = "1,2";
			};
			name = Release;
		};
/* End XCBuildConfiguration section */

/* Begin XCConfigurationList section */
		D865E26E2B125DB600D674EE /* Build configuration list for PBXProject "FruitFacts" */ = {
			isa = XCConfigurationList;
			buildConfigurations = (
				D865E27F2B125DB800D674EE /* Debug */,
				D865E2802B125DB800D674EE /* Release */,
			);
			defaultConfigurationIsVisible = 0;
			defaultConfigurationName = Release;
		};
		D865E2812B125DB800D674EE /* Build configuration list for PBXNativeTarget "FruitFacts" */ = {
			isa = XCConfigurationList;
			buildConfigurations = (
				D865E2822B125DB800D674EE /* Debug */,
				D865E2832B125DB800D674EE /* Release */,
			);
			defaultConfigurationIsVisible = 0;
			defaultConfigurationName = Release;
		};
/* End XCConfigurationList section */
	};
	rootObject = D865E26B2B125DB600D674EE /* Project object */;
}
